// !$*UTF8*$!
{
	archiveVersion = 1;
	classes = {
	};
	objectVersion = 56;
	objects = {

/* Begin PBXBuildFile section */
		7E44D61F2AC3D58C0087FF5A /* RacerTrackerApp.swift in Sources */ = {isa = PBXBuildFile; fileRef = 7E44D61E2AC3D58C0087FF5A /* RacerTrackerApp.swift */; };
		7E44D6212AC3D58C0087FF5A /* AppView.swift in Sources */ = {isa = PBXBuildFile; fileRef = 7E44D6202AC3D58C0087FF5A /* AppView.swift */; };
		7E44D6232AC3D58D0087FF5A /* Assets.xcassets in Resources */ = {isa = PBXBuildFile; fileRef = 7E44D6222AC3D58D0087FF5A /* Assets.xcassets */; };
		7E44D6262AC3D58D0087FF5A /* Preview Assets.xcassets in Resources */ = {isa = PBXBuildFile; fileRef = 7E44D6252AC3D58D0087FF5A /* Preview Assets.xcassets */; };
		7E44D6302AC3D58D0087FF5A /* RacerTrackerTests.swift in Sources */ = {isa = PBXBuildFile; fileRef = 7E44D62F2AC3D58D0087FF5A /* RacerTrackerTests.swift */; };
		7E44D63A2AC3D58D0087FF5A /* RacerTrackerUITests.swift in Sources */ = {isa = PBXBuildFile; fileRef = 7E44D6392AC3D58D0087FF5A /* RacerTrackerUITests.swift */; };
		7E44D63C2AC3D58D0087FF5A /* RacerTrackerUITestsLaunchTests.swift in Sources */ = {isa = PBXBuildFile; fileRef = 7E44D63B2AC3D58D0087FF5A /* RacerTrackerUITestsLaunchTests.swift */; };
		7E5F91802AC52D3A00FE67E8 /* Container+Injections.swift in Sources */ = {isa = PBXBuildFile; fileRef = 7E5F917F2AC52D3A00FE67E8 /* Container+Injections.swift */; };
		7E5F91832AC52D6600FE67E8 /* Factory in Frameworks */ = {isa = PBXBuildFile; productRef = 7E5F91822AC52D6600FE67E8 /* Factory */; };
		7E5F91862AC52E1E00FE67E8 /* Pilot in Frameworks */ = {isa = PBXBuildFile; productRef = 7E5F91852AC52E1E00FE67E8 /* Pilot */; };
		7E5F91892AC53C1000FE67E8 /* NetworkCore in Frameworks */ = {isa = PBXBuildFile; productRef = 7E5F91882AC53C1000FE67E8 /* NetworkCore */; };
		7E5F918B2AC53C1000FE67E8 /* NetworkExtension in Frameworks */ = {isa = PBXBuildFile; productRef = 7E5F918A2AC53C1000FE67E8 /* NetworkExtension */; };
		7E5F918D2AC53C1000FE67E8 /* Repositories in Frameworks */ = {isa = PBXBuildFile; productRef = 7E5F918C2AC53C1000FE67E8 /* Repositories */; };
		7E5F918F2AC53C1000FE67E8 /* Entities in Frameworks */ = {isa = PBXBuildFile; productRef = 7E5F918E2AC53C1000FE67E8 /* Entities */; };
		7E5F91912AC53C1000FE67E8 /* RepositoryProtocol in Frameworks */ = {isa = PBXBuildFile; productRef = 7E5F91902AC53C1000FE67E8 /* RepositoryProtocol */; };
		7E5F91932AC53C1000FE67E8 /* UseCaseProtocol in Frameworks */ = {isa = PBXBuildFile; productRef = 7E5F91922AC53C1000FE67E8 /* UseCaseProtocol */; };
		7E5F91952AC53C1000FE67E8 /* UseCases in Frameworks */ = {isa = PBXBuildFile; productRef = 7E5F91942AC53C1000FE67E8 /* UseCases */; };
		7E5F91972AC53C1000FE67E8 /* RaceList in Frameworks */ = {isa = PBXBuildFile; productRef = 7E5F91962AC53C1000FE67E8 /* RaceList */; };
/* End PBXBuildFile section */

/* Begin PBXContainerItemProxy section */
		7E44D62C2AC3D58D0087FF5A /* PBXContainerItemProxy */ = {
			isa = PBXContainerItemProxy;
			containerPortal = 7E44D6132AC3D58C0087FF5A /* Project object */;
			proxyType = 1;
			remoteGlobalIDString = 7E44D61A2AC3D58C0087FF5A;
			remoteInfo = RacerTracker;
		};
		7E44D6362AC3D58D0087FF5A /* PBXContainerItemProxy */ = {
			isa = PBXContainerItemProxy;
			containerPortal = 7E44D6132AC3D58C0087FF5A /* Project object */;
			proxyType = 1;
			remoteGlobalIDString = 7E44D61A2AC3D58C0087FF5A;
			remoteInfo = RacerTracker;
		};
/* End PBXContainerItemProxy section */

/* Begin PBXFileReference section */
		7E44D61B2AC3D58C0087FF5A /* RacerTracker.app */ = {isa = PBXFileReference; explicitFileType = wrapper.application; includeInIndex = 0; path = RacerTracker.app; sourceTree = BUILT_PRODUCTS_DIR; };
		7E44D61E2AC3D58C0087FF5A /* RacerTrackerApp.swift */ = {isa = PBXFileReference; lastKnownFileType = sourcecode.swift; path = RacerTrackerApp.swift; sourceTree = "<group>"; };
		7E44D6202AC3D58C0087FF5A /* AppView.swift */ = {isa = PBXFileReference; lastKnownFileType = sourcecode.swift; path = AppView.swift; sourceTree = "<group>"; };
		7E44D6222AC3D58D0087FF5A /* Assets.xcassets */ = {isa = PBXFileReference; lastKnownFileType = folder.assetcatalog; path = Assets.xcassets; sourceTree = "<group>"; };
		7E44D6252AC3D58D0087FF5A /* Preview Assets.xcassets */ = {isa = PBXFileReference; lastKnownFileType = folder.assetcatalog; path = "Preview Assets.xcassets"; sourceTree = "<group>"; };
		7E44D62B2AC3D58D0087FF5A /* RacerTrackerTests.xctest */ = {isa = PBXFileReference; explicitFileType = wrapper.cfbundle; includeInIndex = 0; path = RacerTrackerTests.xctest; sourceTree = BUILT_PRODUCTS_DIR; };
		7E44D62F2AC3D58D0087FF5A /* RacerTrackerTests.swift */ = {isa = PBXFileReference; lastKnownFileType = sourcecode.swift; path = RacerTrackerTests.swift; sourceTree = "<group>"; };
		7E44D6352AC3D58D0087FF5A /* RacerTrackerUITests.xctest */ = {isa = PBXFileReference; explicitFileType = wrapper.cfbundle; includeInIndex = 0; path = RacerTrackerUITests.xctest; sourceTree = BUILT_PRODUCTS_DIR; };
		7E44D6392AC3D58D0087FF5A /* RacerTrackerUITests.swift */ = {isa = PBXFileReference; lastKnownFileType = sourcecode.swift; path = RacerTrackerUITests.swift; sourceTree = "<group>"; };
		7E44D63B2AC3D58D0087FF5A /* RacerTrackerUITestsLaunchTests.swift */ = {isa = PBXFileReference; lastKnownFileType = sourcecode.swift; path = RacerTrackerUITestsLaunchTests.swift; sourceTree = "<group>"; };
		7E5F917F2AC52D3A00FE67E8 /* Container+Injections.swift */ = {isa = PBXFileReference; lastKnownFileType = sourcecode.swift; path = "Container+Injections.swift"; sourceTree = "<group>"; };
		7E94775A2AC5422400D8FC81 /* Info.plist */ = {isa = PBXFileReference; lastKnownFileType = text.plist; path = Info.plist; sourceTree = "<group>"; };
		7EA93ADB2AC3E00F0033B77B /* Domain */ = {isa = PBXFileReference; lastKnownFileType = wrapper; path = Domain; sourceTree = "<group>"; };
		7EA93ADE2AC4C04C0033B77B /* Data */ = {isa = PBXFileReference; lastKnownFileType = wrapper; path = Data; sourceTree = "<group>"; };
		7EA93ADF2AC509D70033B77B /* RaceList */ = {isa = PBXFileReference; lastKnownFileType = wrapper; path = RaceList; sourceTree = "<group>"; };
/* End PBXFileReference section */

/* Begin PBXFrameworksBuildPhase section */
		7E44D6182AC3D58C0087FF5A /* Frameworks */ = {
			isa = PBXFrameworksBuildPhase;
			buildActionMask = 2147483647;
			files = (
				7E5F91952AC53C1000FE67E8 /* UseCases in Frameworks */,
				7E5F91912AC53C1000FE67E8 /* RepositoryProtocol in Frameworks */,
				7E5F918D2AC53C1000FE67E8 /* Repositories in Frameworks */,
				7E5F91932AC53C1000FE67E8 /* UseCaseProtocol in Frameworks */,
				7E5F91832AC52D6600FE67E8 /* Factory in Frameworks */,
				7E5F91892AC53C1000FE67E8 /* NetworkCore in Frameworks */,
				7E5F91862AC52E1E00FE67E8 /* Pilot in Frameworks */,
				7E5F91972AC53C1000FE67E8 /* RaceList in Frameworks */,
				7E5F918B2AC53C1000FE67E8 /* NetworkExtension in Frameworks */,
				7E5F918F2AC53C1000FE67E8 /* Entities in Frameworks */,
			);
			runOnlyForDeploymentPostprocessing = 0;
		};
		7E44D6282AC3D58D0087FF5A /* Frameworks */ = {
			isa = PBXFrameworksBuildPhase;
			buildActionMask = 2147483647;
			files = (
			);
			runOnlyForDeploymentPostprocessing = 0;
		};
		7E44D6322AC3D58D0087FF5A /* Frameworks */ = {
			isa = PBXFrameworksBuildPhase;
			buildActionMask = 2147483647;
			files = (
			);
			runOnlyForDeploymentPostprocessing = 0;
		};
/* End PBXFrameworksBuildPhase section */

/* Begin PBXGroup section */
		7E44D6122AC3D58C0087FF5A = {
			isa = PBXGroup;
			children = (
				7EA93ADF2AC509D70033B77B /* RaceList */,
				7EA93ADE2AC4C04C0033B77B /* Data */,
				7EA93ADB2AC3E00F0033B77B /* Domain */,
				7E44D61D2AC3D58C0087FF5A /* RacerTracker */,
				7E44D62E2AC3D58D0087FF5A /* RacerTrackerTests */,
				7E44D6382AC3D58D0087FF5A /* RacerTrackerUITests */,
				7E44D61C2AC3D58C0087FF5A /* Products */,
				7E5F91872AC53C1000FE67E8 /* Frameworks */,
			);
			sourceTree = "<group>";
		};
		7E44D61C2AC3D58C0087FF5A /* Products */ = {
			isa = PBXGroup;
			children = (
				7E44D61B2AC3D58C0087FF5A /* RacerTracker.app */,
				7E44D62B2AC3D58D0087FF5A /* RacerTrackerTests.xctest */,
				7E44D6352AC3D58D0087FF5A /* RacerTrackerUITests.xctest */,
			);
			name = Products;
			sourceTree = "<group>";
		};
		7E44D61D2AC3D58C0087FF5A /* RacerTracker */ = {
			isa = PBXGroup;
			children = (
				7E94775A2AC5422400D8FC81 /* Info.plist */,
				7E5F917B2AC52C5D00FE67E8 /* Sources */,
				7E44D6222AC3D58D0087FF5A /* Assets.xcassets */,
				7E44D6242AC3D58D0087FF5A /* Preview Content */,
			);
			path = RacerTracker;
			sourceTree = "<group>";
		};
		7E44D6242AC3D58D0087FF5A /* Preview Content */ = {
			isa = PBXGroup;
			children = (
				7E44D6252AC3D58D0087FF5A /* Preview Assets.xcassets */,
			);
			path = "Preview Content";
			sourceTree = "<group>";
		};
		7E44D62E2AC3D58D0087FF5A /* RacerTrackerTests */ = {
			isa = PBXGroup;
			children = (
				7E44D62F2AC3D58D0087FF5A /* RacerTrackerTests.swift */,
			);
			path = RacerTrackerTests;
			sourceTree = "<group>";
		};
		7E44D6382AC3D58D0087FF5A /* RacerTrackerUITests */ = {
			isa = PBXGroup;
			children = (
				7E44D6392AC3D58D0087FF5A /* RacerTrackerUITests.swift */,
				7E44D63B2AC3D58D0087FF5A /* RacerTrackerUITestsLaunchTests.swift */,
			);
			path = RacerTrackerUITests;
			sourceTree = "<group>";
		};
		7E5F917B2AC52C5D00FE67E8 /* Sources */ = {
			isa = PBXGroup;
			children = (
				7E44D61E2AC3D58C0087FF5A /* RacerTrackerApp.swift */,
				7E5F917E2AC52C9600FE67E8 /* AppView */,
				7E5F917D2AC52C8400FE67E8 /* DependenciesInjection */,
			);
			path = Sources;
			sourceTree = "<group>";
		};
		7E5F917D2AC52C8400FE67E8 /* DependenciesInjection */ = {
			isa = PBXGroup;
			children = (
				7E5F917F2AC52D3A00FE67E8 /* Container+Injections.swift */,
			);
			path = DependenciesInjection;
			sourceTree = "<group>";
		};
		7E5F917E2AC52C9600FE67E8 /* AppView */ = {
			isa = PBXGroup;
			children = (
				7E44D6202AC3D58C0087FF5A /* AppView.swift */,
			);
			path = AppView;
			sourceTree = "<group>";
		};
		7E5F91872AC53C1000FE67E8 /* Frameworks */ = {
			isa = PBXGroup;
			children = (
			);
			name = Frameworks;
			sourceTree = "<group>";
		};
/* End PBXGroup section */

/* Begin PBXNativeTarget section */
		7E44D61A2AC3D58C0087FF5A /* RacerTracker */ = {
			isa = PBXNativeTarget;
			buildConfigurationList = 7E44D63F2AC3D58D0087FF5A /* Build configuration list for PBXNativeTarget "RacerTracker" */;
			buildPhases = (
				7E44D6172AC3D58C0087FF5A /* Sources */,
				7E44D6182AC3D58C0087FF5A /* Frameworks */,
				7E44D6192AC3D58C0087FF5A /* Resources */,
			);
			buildRules = (
			);
			dependencies = (
			);
			name = RacerTracker;
			packageProductDependencies = (
				7E5F91822AC52D6600FE67E8 /* Factory */,
				7E5F91852AC52E1E00FE67E8 /* Pilot */,
				7E5F91882AC53C1000FE67E8 /* NetworkCore */,
				7E5F918A2AC53C1000FE67E8 /* NetworkExtension */,
				7E5F918C2AC53C1000FE67E8 /* Repositories */,
				7E5F918E2AC53C1000FE67E8 /* Entities */,
				7E5F91902AC53C1000FE67E8 /* RepositoryProtocol */,
				7E5F91922AC53C1000FE67E8 /* UseCaseProtocol */,
				7E5F91942AC53C1000FE67E8 /* UseCases */,
				7E5F91962AC53C1000FE67E8 /* RaceList */,
			);
			productName = RacerTracker;
			productReference = 7E44D61B2AC3D58C0087FF5A /* RacerTracker.app */;
			productType = "com.apple.product-type.application";
		};
		7E44D62A2AC3D58D0087FF5A /* RacerTrackerTests */ = {
			isa = PBXNativeTarget;
			buildConfigurationList = 7E44D6422AC3D58D0087FF5A /* Build configuration list for PBXNativeTarget "RacerTrackerTests" */;
			buildPhases = (
				7E44D6272AC3D58D0087FF5A /* Sources */,
				7E44D6282AC3D58D0087FF5A /* Frameworks */,
				7E44D6292AC3D58D0087FF5A /* Resources */,
			);
			buildRules = (
			);
			dependencies = (
				7E44D62D2AC3D58D0087FF5A /* PBXTargetDependency */,
			);
			name = RacerTrackerTests;
			productName = RacerTrackerTests;
			productReference = 7E44D62B2AC3D58D0087FF5A /* RacerTrackerTests.xctest */;
			productType = "com.apple.product-type.bundle.unit-test";
		};
		7E44D6342AC3D58D0087FF5A /* RacerTrackerUITests */ = {
			isa = PBXNativeTarget;
			buildConfigurationList = 7E44D6452AC3D58D0087FF5A /* Build configuration list for PBXNativeTarget "RacerTrackerUITests" */;
			buildPhases = (
				7E44D6312AC3D58D0087FF5A /* Sources */,
				7E44D6322AC3D58D0087FF5A /* Frameworks */,
				7E44D6332AC3D58D0087FF5A /* Resources */,
			);
			buildRules = (
			);
			dependencies = (
				7E44D6372AC3D58D0087FF5A /* PBXTargetDependency */,
			);
			name = RacerTrackerUITests;
			productName = RacerTrackerUITests;
			productReference = 7E44D6352AC3D58D0087FF5A /* RacerTrackerUITests.xctest */;
			productType = "com.apple.product-type.bundle.ui-testing";
		};
/* End PBXNativeTarget section */

/* Begin PBXProject section */
		7E44D6132AC3D58C0087FF5A /* Project object */ = {
			isa = PBXProject;
			attributes = {
				BuildIndependentTargetsInParallel = 1;
				LastSwiftUpdateCheck = 1500;
				LastUpgradeCheck = 1500;
				TargetAttributes = {
					7E44D61A2AC3D58C0087FF5A = {
						CreatedOnToolsVersion = 15.0;
					};
					7E44D62A2AC3D58D0087FF5A = {
						CreatedOnToolsVersion = 15.0;
						TestTargetID = 7E44D61A2AC3D58C0087FF5A;
					};
					7E44D6342AC3D58D0087FF5A = {
						CreatedOnToolsVersion = 15.0;
						TestTargetID = 7E44D61A2AC3D58C0087FF5A;
					};
				};
			};
			buildConfigurationList = 7E44D6162AC3D58C0087FF5A /* Build configuration list for PBXProject "RacerTracker" */;
			compatibilityVersion = "Xcode 14.0";
			developmentRegion = en;
			hasScannedForEncodings = 0;
			knownRegions = (
				en,
				Base,
			);
			mainGroup = 7E44D6122AC3D58C0087FF5A;
			packageReferences = (
				7E5F91812AC52D6600FE67E8 /* XCRemoteSwiftPackageReference "Factory" */,
				7E5F91842AC52E1E00FE67E8 /* XCRemoteSwiftPackageReference "Pilot" */,
			);
			productRefGroup = 7E44D61C2AC3D58C0087FF5A /* Products */;
			projectDirPath = "";
			projectRoot = "";
			targets = (
				7E44D61A2AC3D58C0087FF5A /* RacerTracker */,
				7E44D62A2AC3D58D0087FF5A /* RacerTrackerTests */,
				7E44D6342AC3D58D0087FF5A /* RacerTrackerUITests */,
			);
		};
/* End PBXProject section */

/* Begin PBXResourcesBuildPhase section */
		7E44D6192AC3D58C0087FF5A /* Resources */ = {
			isa = PBXResourcesBuildPhase;
			buildActionMask = 2147483647;
			files = (
				7E44D6262AC3D58D0087FF5A /* Preview Assets.xcassets in Resources */,
				7E44D6232AC3D58D0087FF5A /* Assets.xcassets in Resources */,
			);
			runOnlyForDeploymentPostprocessing = 0;
		};
		7E44D6292AC3D58D0087FF5A /* Resources */ = {
			isa = PBXResourcesBuildPhase;
			buildActionMask = 2147483647;
			files = (
			);
			runOnlyForDeploymentPostprocessing = 0;
		};
		7E44D6332AC3D58D0087FF5A /* Resources */ = {
			isa = PBXResourcesBuildPhase;
			buildActionMask = 2147483647;
			files = (
			);
			runOnlyForDeploymentPostprocessing = 0;
		};
/* End PBXResourcesBuildPhase section */

/* Begin PBXSourcesBuildPhase section */
		7E44D6172AC3D58C0087FF5A /* Sources */ = {
			isa = PBXSourcesBuildPhase;
			buildActionMask = 2147483647;
			files = (
				7E44D6212AC3D58C0087FF5A /* AppView.swift in Sources */,
				7E44D61F2AC3D58C0087FF5A /* RacerTrackerApp.swift in Sources */,
				7E5F91802AC52D3A00FE67E8 /* Container+Injections.swift in Sources */,
			);
			runOnlyForDeploymentPostprocessing = 0;
		};
		7E44D6272AC3D58D0087FF5A /* Sources */ = {
			isa = PBXSourcesBuildPhase;
			buildActionMask = 2147483647;
			files = (
				7E44D6302AC3D58D0087FF5A /* RacerTrackerTests.swift in Sources */,
			);
			runOnlyForDeploymentPostprocessing = 0;
		};
		7E44D6312AC3D58D0087FF5A /* Sources */ = {
			isa = PBXSourcesBuildPhase;
			buildActionMask = 2147483647;
			files = (
				7E44D63A2AC3D58D0087FF5A /* RacerTrackerUITests.swift in Sources */,
				7E44D63C2AC3D58D0087FF5A /* RacerTrackerUITestsLaunchTests.swift in Sources */,
			);
			runOnlyForDeploymentPostprocessing = 0;
		};
/* End PBXSourcesBuildPhase section */

/* Begin PBXTargetDependency section */
		7E44D62D2AC3D58D0087FF5A /* PBXTargetDependency */ = {
			isa = PBXTargetDependency;
			target = 7E44D61A2AC3D58C0087FF5A /* RacerTracker */;
			targetProxy = 7E44D62C2AC3D58D0087FF5A /* PBXContainerItemProxy */;
		};
		7E44D6372AC3D58D0087FF5A /* PBXTargetDependency */ = {
			isa = PBXTargetDependency;
			target = 7E44D61A2AC3D58C0087FF5A /* RacerTracker */;
			targetProxy = 7E44D6362AC3D58D0087FF5A /* PBXContainerItemProxy */;
		};
/* End PBXTargetDependency section */

/* Begin XCBuildConfiguration section */
		7E44D63D2AC3D58D0087FF5A /* Debug */ = {
			isa = XCBuildConfiguration;
			buildSettings = {
				ALWAYS_SEARCH_USER_PATHS = NO;
				ASSETCATALOG_COMPILER_GENERATE_SWIFT_ASSET_SYMBOL_EXTENSIONS = YES;
				CLANG_ANALYZER_NONNULL = YES;
				CLANG_ANALYZER_NUMBER_OBJECT_CONVERSION = YES_AGGRESSIVE;
				CLANG_CXX_LANGUAGE_STANDARD = "gnu++20";
				CLANG_ENABLE_MODULES = YES;
				CLANG_ENABLE_OBJC_ARC = YES;
				CLANG_ENABLE_OBJC_WEAK = YES;
				CLANG_WARN_BLOCK_CAPTURE_AUTORELEASING = YES;
				CLANG_WARN_BOOL_CONVERSION = YES;
				CLANG_WARN_COMMA = YES;
				CLANG_WARN_CONSTANT_CONVERSION = YES;
				CLANG_WARN_DEPRECATED_OBJC_IMPLEMENTATIONS = YES;
				CLANG_WARN_DIRECT_OBJC_ISA_USAGE = YES_ERROR;
				CLANG_WARN_DOCUMENTATION_COMMENTS = YES;
				CLANG_WARN_EMPTY_BODY = YES;
				CLANG_WARN_ENUM_CONVERSION = YES;
				CLANG_WARN_INFINITE_RECURSION = YES;
				CLANG_WARN_INT_CONVERSION = YES;
				CLANG_WARN_NON_LITERAL_NULL_CONVERSION = YES;
				CLANG_WARN_OBJC_IMPLICIT_RETAIN_SELF = YES;
				CLANG_WARN_OBJC_LITERAL_CONVERSION = YES;
				CLANG_WARN_OBJC_ROOT_CLASS = YES_ERROR;
				CLANG_WARN_QUOTED_INCLUDE_IN_FRAMEWORK_HEADER = YES;
				CLANG_WARN_RANGE_LOOP_ANALYSIS = YES;
				CLANG_WARN_STRICT_PROTOTYPES = YES;
				CLANG_WARN_SUSPICIOUS_MOVE = YES;
				CLANG_WARN_UNGUARDED_AVAILABILITY = YES_AGGRESSIVE;
				CLANG_WARN_UNREACHABLE_CODE = YES;
				CLANG_WARN__DUPLICATE_METHOD_MATCH = YES;
				COPY_PHASE_STRIP = NO;
				DEBUG_INFORMATION_FORMAT = dwarf;
				ENABLE_STRICT_OBJC_MSGSEND = YES;
				ENABLE_TESTABILITY = YES;
				ENABLE_USER_SCRIPT_SANDBOXING = YES;
				GCC_C_LANGUAGE_STANDARD = gnu17;
				GCC_DYNAMIC_NO_PIC = NO;
				GCC_NO_COMMON_BLOCKS = YES;
				GCC_OPTIMIZATION_LEVEL = 0;
				GCC_PREPROCESSOR_DEFINITIONS = (
					"DEBUG=1",
					"$(inherited)",
				);
				GCC_WARN_64_TO_32_BIT_CONVERSION = YES;
				GCC_WARN_ABOUT_RETURN_TYPE = YES_ERROR;
				GCC_WARN_UNDECLARED_SELECTOR = YES;
				GCC_WARN_UNINITIALIZED_AUTOS = YES_AGGRESSIVE;
				GCC_WARN_UNUSED_FUNCTION = YES;
				GCC_WARN_UNUSED_VARIABLE = YES;
				IPHONEOS_DEPLOYMENT_TARGET = 17.0;
				LOCALIZATION_PREFERS_STRING_CATALOGS = YES;
				MTL_ENABLE_DEBUG_INFO = INCLUDE_SOURCE;
				MTL_FAST_MATH = YES;
				ONLY_ACTIVE_ARCH = YES;
				SDKROOT = iphoneos;
				SWIFT_ACTIVE_COMPILATION_CONDITIONS = "DEBUG $(inherited)";
				SWIFT_OPTIMIZATION_LEVEL = "-Onone";
			};
			name = Debug;
		};
		7E44D63E2AC3D58D0087FF5A /* Release */ = {
			isa = XCBuildConfiguration;
			buildSettings = {
				ALWAYS_SEARCH_USER_PATHS = NO;
				ASSETCATALOG_COMPILER_GENERATE_SWIFT_ASSET_SYMBOL_EXTENSIONS = YES;
				CLANG_ANALYZER_NONNULL = YES;
				CLANG_ANALYZER_NUMBER_OBJECT_CONVERSION = YES_AGGRESSIVE;
				CLANG_CXX_LANGUAGE_STANDARD = "gnu++20";
				CLANG_ENABLE_MODULES = YES;
				CLANG_ENABLE_OBJC_ARC = YES;
				CLANG_ENABLE_OBJC_WEAK = YES;
				CLANG_WARN_BLOCK_CAPTURE_AUTORELEASING = YES;
				CLANG_WARN_BOOL_CONVERSION = YES;
				CLANG_WARN_COMMA = YES;
				CLANG_WARN_CONSTANT_CONVERSION = YES;
				CLANG_WARN_DEPRECATED_OBJC_IMPLEMENTATIONS = YES;
				CLANG_WARN_DIRECT_OBJC_ISA_USAGE = YES_ERROR;
				CLANG_WARN_DOCUMENTATION_COMMENTS = YES;
				CLANG_WARN_EMPTY_BODY = YES;
				CLANG_WARN_ENUM_CONVERSION = YES;
				CLANG_WARN_INFINITE_RECURSION = YES;
				CLANG_WARN_INT_CONVERSION = YES;
				CLANG_WARN_NON_LITERAL_NULL_CONVERSION = YES;
				CLANG_WARN_OBJC_IMPLICIT_RETAIN_SELF = YES;
				CLANG_WARN_OBJC_LITERAL_CONVERSION = YES;
				CLANG_WARN_OBJC_ROOT_CLASS = YES_ERROR;
				CLANG_WARN_QUOTED_INCLUDE_IN_FRAMEWORK_HEADER = YES;
				CLANG_WARN_RANGE_LOOP_ANALYSIS = YES;
				CLANG_WARN_STRICT_PROTOTYPES = YES;
				CLANG_WARN_SUSPICIOUS_MOVE = YES;
				CLANG_WARN_UNGUARDED_AVAILABILITY = YES_AGGRESSIVE;
				CLANG_WARN_UNREACHABLE_CODE = YES;
				CLANG_WARN__DUPLICATE_METHOD_MATCH = YES;
				COPY_PHASE_STRIP = NO;
				DEBUG_INFORMATION_FORMAT = "dwarf-with-dsym";
				ENABLE_NS_ASSERTIONS = NO;
				ENABLE_STRICT_OBJC_MSGSEND = YES;
				ENABLE_USER_SCRIPT_SANDBOXING = YES;
				GCC_C_LANGUAGE_STANDARD = gnu17;
				GCC_NO_COMMON_BLOCKS = YES;
				GCC_WARN_64_TO_32_BIT_CONVERSION = YES;
				GCC_WARN_ABOUT_RETURN_TYPE = YES_ERROR;
				GCC_WARN_UNDECLARED_SELECTOR = YES;
				GCC_WARN_UNINITIALIZED_AUTOS = YES_AGGRESSIVE;
				GCC_WARN_UNUSED_FUNCTION = YES;
				GCC_WARN_UNUSED_VARIABLE = YES;
				IPHONEOS_DEPLOYMENT_TARGET = 17.0;
				LOCALIZATION_PREFERS_STRING_CATALOGS = YES;
				MTL_ENABLE_DEBUG_INFO = NO;
				MTL_FAST_MATH = YES;
				SDKROOT = iphoneos;
				SWIFT_COMPILATION_MODE = wholemodule;
				VALIDATE_PRODUCT = YES;
			};
			name = Release;
		};
		7E44D6402AC3D58D0087FF5A /* Debug */ = {
			isa = XCBuildConfiguration;
			buildSettings = {
				ASSETCATALOG_COMPILER_APPICON_NAME = AppIcon;
				ASSETCATALOG_COMPILER_GLOBAL_ACCENT_COLOR_NAME = AccentColor;
				CODE_SIGN_STYLE = Automatic;
				CURRENT_PROJECT_VERSION = 1;
				DEVELOPMENT_ASSET_PATHS = "\"RacerTracker/Preview Content\"";
				DEVELOPMENT_TEAM = X5X7C477VG;
				ENABLE_PREVIEWS = YES;
				GENERATE_INFOPLIST_FILE = YES;
				INFOPLIST_FILE = RacerTracker/Info.plist;
				INFOPLIST_KEY_UIApplicationSceneManifest_Generation = YES;
				INFOPLIST_KEY_UIApplicationSupportsIndirectInputEvents = YES;
				INFOPLIST_KEY_UILaunchScreen_Generation = YES;
				INFOPLIST_KEY_UISupportedInterfaceOrientations_iPad = "UIInterfaceOrientationPortrait UIInterfaceOrientationPortraitUpsideDown UIInterfaceOrientationLandscapeLeft UIInterfaceOrientationLandscapeRight";
				INFOPLIST_KEY_UISupportedInterfaceOrientations_iPhone = "UIInterfaceOrientationPortrait UIInterfaceOrientationLandscapeLeft UIInterfaceOrientationLandscapeRight";
				LD_RUNPATH_SEARCH_PATHS = (
					"$(inherited)",
					"@executable_path/Frameworks",
				);
				MARKETING_VERSION = 1.0;
				PRODUCT_BUNDLE_IDENTIFIER = nz.co.codie.RacerTracker;
				PRODUCT_NAME = "$(TARGET_NAME)";
				SWIFT_EMIT_LOC_STRINGS = YES;
				SWIFT_VERSION = 5.0;
				TARGETED_DEVICE_FAMILY = "1,2";
			};
			name = Debug;
		};
		7E44D6412AC3D58D0087FF5A /* Release */ = {
			isa = XCBuildConfiguration;
			buildSettings = {
				ASSETCATALOG_COMPILER_APPICON_NAME = AppIcon;
				ASSETCATALOG_COMPILER_GLOBAL_ACCENT_COLOR_NAME = AccentColor;
				CODE_SIGN_STYLE = Automatic;
				CURRENT_PROJECT_VERSION = 1;
				DEVELOPMENT_ASSET_PATHS = "\"RacerTracker/Preview Content\"";
				DEVELOPMENT_TEAM = X5X7C477VG;
				ENABLE_PREVIEWS = YES;
				GENERATE_INFOPLIST_FILE = YES;
				INFOPLIST_FILE = RacerTracker/Info.plist;
				INFOPLIST_KEY_UIApplicationSceneManifest_Generation = YES;
				INFOPLIST_KEY_UIApplicationSupportsIndirectInputEvents = YES;
				INFOPLIST_KEY_UILaunchScreen_Generation = YES;
				INFOPLIST_KEY_UISupportedInterfaceOrientations_iPad = "UIInterfaceOrientationPortrait UIInterfaceOrientationPortraitUpsideDown UIInterfaceOrientationLandscapeLeft UIInterfaceOrientationLandscapeRight";
				INFOPLIST_KEY_UISupportedInterfaceOrientations_iPhone = "UIInterfaceOrientationPortrait UIInterfaceOrientationLandscapeLeft UIInterfaceOrientationLandscapeRight";
				LD_RUNPATH_SEARCH_PATHS = (
					"$(inherited)",
					"@executable_path/Frameworks",
				);
				MARKETING_VERSION = 1.0;
				PRODUCT_BUNDLE_IDENTIFIER = nz.co.codie.RacerTracker;
				PRODUCT_NAME = "$(TARGET_NAME)";
				SWIFT_EMIT_LOC_STRINGS = YES;
				SWIFT_VERSION = 5.0;
				TARGETED_DEVICE_FAMILY = "1,2";
			};
			name = Release;
		};
		7E44D6432AC3D58D0087FF5A /* Debug */ = {
			isa = XCBuildConfiguration;
			buildSettings = {
				ALWAYS_EMBED_SWIFT_STANDARD_LIBRARIES = YES;
				BUNDLE_LOADER = "$(TEST_HOST)";
				CODE_SIGN_STYLE = Automatic;
				CURRENT_PROJECT_VERSION = 1;
				DEVELOPMENT_TEAM = X5X7C477VG;
				GENERATE_INFOPLIST_FILE = YES;
				IPHONEOS_DEPLOYMENT_TARGET = 17.0;
				MARKETING_VERSION = 1.0;
				PRODUCT_BUNDLE_IDENTIFIER = nz.co.codie.RacerTrackerTests;
				PRODUCT_NAME = "$(TARGET_NAME)";
				SWIFT_EMIT_LOC_STRINGS = NO;
				SWIFT_VERSION = 5.0;
				TARGETED_DEVICE_FAMILY = "1,2";
				TEST_HOST = "$(BUILT_PRODUCTS_DIR)/RacerTracker.app/$(BUNDLE_EXECUTABLE_FOLDER_PATH)/RacerTracker";
			};
			name = Debug;
		};
		7E44D6442AC3D58D0087FF5A /* Release */ = {
			isa = XCBuildConfiguration;
			buildSettings = {
				ALWAYS_EMBED_SWIFT_STANDARD_LIBRARIES = YES;
				BUNDLE_LOADER = "$(TEST_HOST)";
				CODE_SIGN_STYLE = Automatic;
				CURRENT_PROJECT_VERSION = 1;
				DEVELOPMENT_TEAM = X5X7C477VG;
				GENERATE_INFOPLIST_FILE = YES;
				IPHONEOS_DEPLOYMENT_TARGET = 17.0;
				MARKETING_VERSION = 1.0;
				PRODUCT_BUNDLE_IDENTIFIER = nz.co.codie.RacerTrackerTests;
				PRODUCT_NAME = "$(TARGET_NAME)";
				SWIFT_EMIT_LOC_STRINGS = NO;
				SWIFT_VERSION = 5.0;
				TARGETED_DEVICE_FAMILY = "1,2";
				TEST_HOST = "$(BUILT_PRODUCTS_DIR)/RacerTracker.app/$(BUNDLE_EXECUTABLE_FOLDER_PATH)/RacerTracker";
			};
			name = Release;
		};
		7E44D6462AC3D58D0087FF5A /* Debug */ = {
			isa = XCBuildConfiguration;
			buildSettings = {
				ALWAYS_EMBED_SWIFT_STANDARD_LIBRARIES = YES;
				CODE_SIGN_STYLE = Automatic;
				CURRENT_PROJECT_VERSION = 1;
				DEVELOPMENT_TEAM = X5X7C477VG;
				GENERATE_INFOPLIST_FILE = YES;
				MARKETING_VERSION = 1.0;
				PRODUCT_BUNDLE_IDENTIFIER = nz.co.codie.RacerTrackerUITests;
				PRODUCT_NAME = "$(TARGET_NAME)";
				SWIFT_EMIT_LOC_STRINGS = NO;
				SWIFT_VERSION = 5.0;
				TARGETED_DEVICE_FAMILY = "1,2";
				TEST_TARGET_NAME = RacerTracker;
			};
			name = Debug;
		};
		7E44D6472AC3D58D0087FF5A /* Release */ = {
			isa = XCBuildConfiguration;
			buildSettings = {
				ALWAYS_EMBED_SWIFT_STANDARD_LIBRARIES = YES;
				CODE_SIGN_STYLE = Automatic;
				CURRENT_PROJECT_VERSION = 1;
				DEVELOPMENT_TEAM = X5X7C477VG;
				GENERATE_INFOPLIST_FILE = YES;
				MARKETING_VERSION = 1.0;
				PRODUCT_BUNDLE_IDENTIFIER = nz.co.codie.RacerTrackerUITests;
				PRODUCT_NAME = "$(TARGET_NAME)";
				SWIFT_EMIT_LOC_STRINGS = NO;
				SWIFT_VERSION = 5.0;
				TARGETED_DEVICE_FAMILY = "1,2";
				TEST_TARGET_NAME = RacerTracker;
			};
			name = Release;
		};
/* End XCBuildConfiguration section */

/* Begin XCConfigurationList section */
		7E44D6162AC3D58C0087FF5A /* Build configuration list for PBXProject "RacerTracker" */ = {
			isa = XCConfigurationList;
			buildConfigurations = (
				7E44D63D2AC3D58D0087FF5A /* Debug */,
				7E44D63E2AC3D58D0087FF5A /* Release */,
			);
			defaultConfigurationIsVisible = 0;
			defaultConfigurationName = Release;
		};
		7E44D63F2AC3D58D0087FF5A /* Build configuration list for PBXNativeTarget "RacerTracker" */ = {
			isa = XCConfigurationList;
			buildConfigurations = (
				7E44D6402AC3D58D0087FF5A /* Debug */,
				7E44D6412AC3D58D0087FF5A /* Release */,
			);
			defaultConfigurationIsVisible = 0;
			defaultConfigurationName = Release;
		};
		7E44D6422AC3D58D0087FF5A /* Build configuration list for PBXNativeTarget "RacerTrackerTests" */ = {
			isa = XCConfigurationList;
			buildConfigurations = (
				7E44D6432AC3D58D0087FF5A /* Debug */,
				7E44D6442AC3D58D0087FF5A /* Release */,
			);
			defaultConfigurationIsVisible = 0;
			defaultConfigurationName = Release;
		};
		7E44D6452AC3D58D0087FF5A /* Build configuration list for PBXNativeTarget "RacerTrackerUITests" */ = {
			isa = XCConfigurationList;
			buildConfigurations = (
				7E44D6462AC3D58D0087FF5A /* Debug */,
				7E44D6472AC3D58D0087FF5A /* Release */,
			);
			defaultConfigurationIsVisible = 0;
			defaultConfigurationName = Release;
		};
/* End XCConfigurationList section */

/* Begin XCRemoteSwiftPackageReference section */
		7E5F91812AC52D6600FE67E8 /* XCRemoteSwiftPackageReference "Factory" */ = {
			isa = XCRemoteSwiftPackageReference;
			repositoryURL = "https://github.com/hmlongco/Factory";
			requirement = {
				kind = upToNextMajorVersion;
				minimumVersion = 2.0.0;
			};
		};
		7E5F91842AC52E1E00FE67E8 /* XCRemoteSwiftPackageReference "Pilot" */ = {
			isa = XCRemoteSwiftPackageReference;
			repositoryURL = "https://github.com/Thieurom/Pilot";
			requirement = {
				kind = upToNextMajorVersion;
				minimumVersion = 0.5.1;
			};
		};
/* End XCRemoteSwiftPackageReference section */

/* Begin XCSwiftPackageProductDependency section */
		7E5F91822AC52D6600FE67E8 /* Factory */ = {
			isa = XCSwiftPackageProductDependency;
			package = 7E5F91812AC52D6600FE67E8 /* XCRemoteSwiftPackageReference "Factory" */;
			productName = Factory;
		};
		7E5F91852AC52E1E00FE67E8 /* Pilot */ = {
			isa = XCSwiftPackageProductDependency;
			package = 7E5F91842AC52E1E00FE67E8 /* XCRemoteSwiftPackageReference "Pilot" */;
			productName = Pilot;
		};
		7E5F91882AC53C1000FE67E8 /* NetworkCore */ = {
			isa = XCSwiftPackageProductDependency;
			productName = NetworkCore;
		};
		7E5F918A2AC53C1000FE67E8 /* NetworkExtension */ = {
			isa = XCSwiftPackageProductDependency;
			productName = NetworkExtension;
		};
		7E5F918C2AC53C1000FE67E8 /* Repositories */ = {
			isa = XCSwiftPackageProductDependency;
			productName = Repositories;
		};
		7E5F918E2AC53C1000FE67E8 /* Entities */ = {
			isa = XCSwiftPackageProductDependency;
			productName = Entities;
		};
		7E5F91902AC53C1000FE67E8 /* RepositoryProtocol */ = {
			isa = XCSwiftPackageProductDependency;
			productName = RepositoryProtocol;
		};
		7E5F91922AC53C1000FE67E8 /* UseCaseProtocol */ = {
			isa = XCSwiftPackageProductDependency;
			productName = UseCaseProtocol;
		};
		7E5F91942AC53C1000FE67E8 /* UseCases */ = {
			isa = XCSwiftPackageProductDependency;
			productName = UseCases;
		};
		7E5F91962AC53C1000FE67E8 /* RaceList */ = {
			isa = XCSwiftPackageProductDependency;
			productName = RaceList;
		};
/* End XCSwiftPackageProductDependency section */
	};
	rootObject = 7E44D6132AC3D58C0087FF5A /* Project object */;
}
